
Microsoft Visual Studio Solution File, Format Version 12.00
# Visual Studio 15
VisualStudioVersion = 15.0.28307.2017
MinimumVisualStudioVersion = 10.0.40219.1
Project("{8BC9CEB8-8B4A-11D0-8D11-00A0C91BC942}") = "Simple", "Simple\Simple.vcxproj", "{F6E8E5F8-3292-413E-9848-0F8B7DAE8D0B}"
EndProject
Project("{8BC9CEB8-8B4A-11D0-8D11-00A0C91BC942}") = "Simple64", "Simple64\Simple64.vcxproj", "{98F6E054-7F18-4800-86A0-873485E7CBF9}"
EndProject
Global
	GlobalSection(SolutionConfigurationPlatforms) = preSolution
		Debug|x64 = Debug|x64
		Debug|x86 = Debug|x86
		Release|x64 = Release|x64
		Release|x86 = Release|x86
	EndGlobalSection
	GlobalSection(ProjectConfigurationPlatforms) = postSolution
		{F6E8E5F8-3292-413E-9848-0F8B7DAE8D0B}.Debug|x64.ActiveCfg = Debug|x64
		{F6E8E5F8-3292-413E-9848-0F8B7DAE8D0B}.Debug|x64.Build.0 = Debug|x64
		{F6E8E5F8-3292-413E-9848-0F8B7DAE8D0B}.Debug|x86.ActiveCfg = Debug|Win32
		{F6E8E5F8-3292-413E-9848-0F8B7DAE8D0B}.Debug|x86.Build.0 = Debug|Win32
		{F6E8E5F8-3292-413E-9848-0F8B7DAE8D0B}.Release|x64.ActiveCfg = Release|Win32
		{F6E8E5F8-3292-413E-9848-0F8B7DAE8D0B}.Release|x64.Build.0 = Release|Win32
		{F6E8E5F8-3292-413E-9848-0F8B7DAE8D0B}.Release|x86.ActiveCfg = Release|Win32
		{F6E8E5F8-3292-413E-9848-0F8B7DAE8D0B}.Release|x86.Build.0 = Release|Win32
		{98F6E054-7F18-4800-86A0-873485E7CBF9}.Debug|x64.ActiveCfg = Debug|x64
		{98F6E054-7F18-4800-86A0-873485E7CBF9}.Debug|x64.Build.0 = Debug|x64
		{98F6E054-7F18-4800-86A0-873485E7CBF9}.Debug|x86.ActiveCfg = Debug|Win32
		{98F6E054-7F18-4800-86A0-873485E7CBF9}.Debug|x86.Build.0 = Debug|Win32
		{98F6E054-7F18-4800-86A0-873485E7CBF9}.Release|x64.ActiveCfg = Release|x64
		{98F6E054-7F18-4800-86A0-873485E7CBF9}.Release|x64.Build.0 = Release|x64
		{98F6E054-7F18-4800-86A0-873485E7CBF9}.Release|x86.ActiveCfg = Release|x64
		{98F6E054-7F18-4800-86A0-873485E7CBF9}.Release|x86.Build.0 = Release|x64
	EndGlobalSection
	GlobalSection(SolutionProperties) = preSolution
		HideSolutionNode = FALSE
	EndGlobalSection
	GlobalSection(ExtensibilityGlobals) = postSolution
		SolutionGuid = {D28D3743-CFA5-4175-B9C1-B318BE563478}
	EndGlobalSection
EndGlobal
