
Microsoft Visual Studio Solution File, Format Version 12.00
# Visual Studio 15
VisualStudioVersion = 15.0.28307.2017
MinimumVisualStudioVersion = 10.0.40219.1
Project("{8BC9CEB8-8B4A-11D0-8D11-00A0C91BC942}") = "Hook", "Hook\Hook.vcxproj", "{3C726842-A428-43E4-BA48-9F06B1343E91}"
EndProject
Project("{8BC9CEB8-8B4A-11D0-8D11-00A0C91BC942}") = "Hook64", "Hook64\Hook64.vcxproj", "{30502C9F-6BB9-4140-ADE1-AB1683D0EE63}"
EndProject
Project("{2150E333-8FDC-42A3-9474-1A3956D46DE8}") = "ExternalLib", "ExternalLib", "{2DB303C5-50D2-4682-8143-B4BF7FE9CB4C}"
EndProject
Project("{8BC9CEB8-8B4A-11D0-8D11-00A0C91BC942}") = "Zycore", "Zycore\Zycore.vcxproj", "{B5DDE735-2C45-478B-9E67-B4F0A44042D4}"
EndProject
Project("{8BC9CEB8-8B4A-11D0-8D11-00A0C91BC942}") = "Zycore64", "Zycore64\Zycore64.vcxproj", "{AEE212B5-34D0-4D5E-A3AB-C932ED5C1A38}"
EndProject
Project("{8BC9CEB8-8B4A-11D0-8D11-00A0C91BC942}") = "Zydis", "Zydis\Zydis.vcxproj", "{C484BE3A-7DCE-40A8-B434-D4ADAA03B5B9}"
EndProject
Project("{8BC9CEB8-8B4A-11D0-8D11-00A0C91BC942}") = "Zydis64", "Zydis64\Zydis64.vcxproj", "{3831363B-69B9-488D-96F1-6DCF5D0CF7A2}"
EndProject
Global
	GlobalSection(SolutionConfigurationPlatforms) = preSolution
		Debug|x64 = Debug|x64
		Debug|x86 = Debug|x86
		Release|x64 = Release|x64
		Release|x86 = Release|x86
	EndGlobalSection
	GlobalSection(ProjectConfigurationPlatforms) = postSolution
		{3C726842-A428-43E4-BA48-9F06B1343E91}.Debug|x64.ActiveCfg = Debug|x64
		{3C726842-A428-43E4-BA48-9F06B1343E91}.Debug|x64.Build.0 = Debug|x64
		{3C726842-A428-43E4-BA48-9F06B1343E91}.Debug|x86.ActiveCfg = Debug|Win32
		{3C726842-A428-43E4-BA48-9F06B1343E91}.Debug|x86.Build.0 = Debug|Win32
		{3C726842-A428-43E4-BA48-9F06B1343E91}.Release|x64.ActiveCfg = Release|Win32
		{3C726842-A428-43E4-BA48-9F06B1343E91}.Release|x64.Build.0 = Release|Win32
		{3C726842-A428-43E4-BA48-9F06B1343E91}.Release|x86.ActiveCfg = Release|Win32
		{3C726842-A428-43E4-BA48-9F06B1343E91}.Release|x86.Build.0 = Release|Win32
		{30502C9F-6BB9-4140-ADE1-AB1683D0EE63}.Debug|x64.ActiveCfg = Debug|x64
		{30502C9F-6BB9-4140-ADE1-AB1683D0EE63}.Debug|x64.Build.0 = Debug|x64
		{30502C9F-6BB9-4140-ADE1-AB1683D0EE63}.Debug|x86.ActiveCfg = Debug|Win32
		{30502C9F-6BB9-4140-ADE1-AB1683D0EE63}.Debug|x86.Build.0 = Debug|Win32
		{30502C9F-6BB9-4140-ADE1-AB1683D0EE63}.Release|x64.ActiveCfg = Release|x64
		{30502C9F-6BB9-4140-ADE1-AB1683D0EE63}.Release|x64.Build.0 = Release|x64
		{30502C9F-6BB9-4140-ADE1-AB1683D0EE63}.Release|x86.ActiveCfg = Release|x64
		{30502C9F-6BB9-4140-ADE1-AB1683D0EE63}.Release|x86.Build.0 = Release|x64
		{B5DDE735-2C45-478B-9E67-B4F0A44042D4}.Debug|x64.ActiveCfg = Debug|x64
		{B5DDE735-2C45-478B-9E67-B4F0A44042D4}.Debug|x64.Build.0 = Debug|x64
		{B5DDE735-2C45-478B-9E67-B4F0A44042D4}.Debug|x86.ActiveCfg = Debug|Win32
		{B5DDE735-2C45-478B-9E67-B4F0A44042D4}.Debug|x86.Build.0 = Debug|Win32
		{B5DDE735-2C45-478B-9E67-B4F0A44042D4}.Release|x64.ActiveCfg = Release|Win32
		{B5DDE735-2C45-478B-9E67-B4F0A44042D4}.Release|x64.Build.0 = Release|Win32
		{B5DDE735-2C45-478B-9E67-B4F0A44042D4}.Release|x86.ActiveCfg = Release|Win32
		{B5DDE735-2C45-478B-9E67-B4F0A44042D4}.Release|x86.Build.0 = Release|Win32
		{AEE212B5-34D0-4D5E-A3AB-C932ED5C1A38}.Debug|x64.ActiveCfg = Debug|x64
		{AEE212B5-34D0-4D5E-A3AB-C932ED5C1A38}.Debug|x64.Build.0 = Debug|x64
		{AEE212B5-34D0-4D5E-A3AB-C932ED5C1A38}.Debug|x86.ActiveCfg = Debug|Win32
		{AEE212B5-34D0-4D5E-A3AB-C932ED5C1A38}.Debug|x86.Build.0 = Debug|Win32
		{AEE212B5-34D0-4D5E-A3AB-C932ED5C1A38}.Release|x64.ActiveCfg = Release|x64
		{AEE212B5-34D0-4D5E-A3AB-C932ED5C1A38}.Release|x64.Build.0 = Release|x64
		{AEE212B5-34D0-4D5E-A3AB-C932ED5C1A38}.Release|x86.ActiveCfg = Release|x64
		{AEE212B5-34D0-4D5E-A3AB-C932ED5C1A38}.Release|x86.Build.0 = Release|x64
		{C484BE3A-7DCE-40A8-B434-D4ADAA03B5B9}.Debug|x64.ActiveCfg = Debug|x64
		{C484BE3A-7DCE-40A8-B434-D4ADAA03B5B9}.Debug|x64.Build.0 = Debug|x64
		{C484BE3A-7DCE-40A8-B434-D4ADAA03B5B9}.Debug|x86.ActiveCfg = Debug|Win32
		{C484BE3A-7DCE-40A8-B434-D4ADAA03B5B9}.Debug|x86.Build.0 = Debug|Win32
		{C484BE3A-7DCE-40A8-B434-D4ADAA03B5B9}.Release|x64.ActiveCfg = Release|Win32
		{C484BE3A-7DCE-40A8-B434-D4ADAA03B5B9}.Release|x64.Build.0 = Release|Win32
		{C484BE3A-7DCE-40A8-B434-D4ADAA03B5B9}.Release|x86.ActiveCfg = Release|Win32
		{C484BE3A-7DCE-40A8-B434-D4ADAA03B5B9}.Release|x86.Build.0 = Release|Win32
		{3831363B-69B9-488D-96F1-6DCF5D0CF7A2}.Debug|x64.ActiveCfg = Debug|x64
		{3831363B-69B9-488D-96F1-6DCF5D0CF7A2}.Debug|x64.Build.0 = Debug|x64
		{3831363B-69B9-488D-96F1-6DCF5D0CF7A2}.Debug|x86.ActiveCfg = Debug|Win32
		{3831363B-69B9-488D-96F1-6DCF5D0CF7A2}.Debug|x86.Build.0 = Debug|Win32
		{3831363B-69B9-488D-96F1-6DCF5D0CF7A2}.Release|x64.ActiveCfg = Release|x64
		{3831363B-69B9-488D-96F1-6DCF5D0CF7A2}.Release|x64.Build.0 = Release|x64
		{3831363B-69B9-488D-96F1-6DCF5D0CF7A2}.Release|x86.ActiveCfg = Release|x64
		{3831363B-69B9-488D-96F1-6DCF5D0CF7A2}.Release|x86.Build.0 = Release|x64
	EndGlobalSection
	GlobalSection(SolutionProperties) = preSolution
		HideSolutionNode = FALSE
	EndGlobalSection
	GlobalSection(NestedProjects) = preSolution
		{B5DDE735-2C45-478B-9E67-B4F0A44042D4} = {2DB303C5-50D2-4682-8143-B4BF7FE9CB4C}
		{AEE212B5-34D0-4D5E-A3AB-C932ED5C1A38} = {2DB303C5-50D2-4682-8143-B4BF7FE9CB4C}
		{C484BE3A-7DCE-40A8-B434-D4ADAA03B5B9} = {2DB303C5-50D2-4682-8143-B4BF7FE9CB4C}
		{3831363B-69B9-488D-96F1-6DCF5D0CF7A2} = {2DB303C5-50D2-4682-8143-B4BF7FE9CB4C}
	EndGlobalSection
	GlobalSection(ExtensibilityGlobals) = postSolution
		SolutionGuid = {568BB368-9DAE-428F-911E-3C3777D4DE0D}
	EndGlobalSection
EndGlobal
