<?xml version="1.0" encoding="utf-8"?>
<Project ToolsVersion="4.0" xmlns="http://schemas.microsoft.com/developer/msbuild/2003">
  <ItemGroup>
    <Filter Include="ソース ファイル">
      <UniqueIdentifier>{4FC737F1-C7A5-4376-A066-2A32D752A2FF}</UniqueIdentifier>
      <Extensions>cpp;c;cc;cxx;def;odl;idl;hpj;bat;asm;asmx</Extensions>
    </Filter>
    <Filter Include="ヘッダー ファイル">
      <UniqueIdentifier>{93995380-89BD-4b04-88EB-625FBE52EBFB}</UniqueIdentifier>
      <Extensions>h;hh;hpp;hxx;hm;inl;inc;ipp;xsd</Extensions>
    </Filter>
    <Filter Include="リソース ファイル">
      <UniqueIdentifier>{67DA6AB6-F800-4c08-8B7A-83BB121AAD01}</UniqueIdentifier>
      <Extensions>rc;ico;cur;bmp;dlg;rc2;rct;bin;rgs;gif;jpg;jpeg;jpe;resx;tiff;tif;png;wav;mfcribbon-ms</Extensions>
    </Filter>
  </ItemGroup>
  <ItemGroup>
    <ClInclude Include="ZydisExportConfig.h">
      <Filter>ヘッダー ファイル</Filter>
    </ClInclude>
    <ClInclude Include="Zydis\Internal\DecoderData.h">
      <Filter>ヘッダー ファイル</Filter>
    </ClInclude>
    <ClInclude Include="Zydis\Internal\FormatterATT.h">
      <Filter>ヘッダー ファイル</Filter>
    </ClInclude>
    <ClInclude Include="Zydis\Internal\FormatterBase.h">
      <Filter>ヘッダー ファイル</Filter>
    </ClInclude>
    <ClInclude Include="Zydis\Internal\FormatterIntel.h">
      <Filter>ヘッダー ファイル</Filter>
    </ClInclude>
    <ClInclude Include="Zydis\Internal\SharedData.h">
      <Filter>ヘッダー ファイル</Filter>
    </ClInclude>
    <ClInclude Include="Zydis\Internal\String.h">
      <Filter>ヘッダー ファイル</Filter>
    </ClInclude>
    <ClInclude Include="Zydis\Decoder.h">
      <Filter>ヘッダー ファイル</Filter>
    </ClInclude>
    <ClInclude Include="Zydis\DecoderTypes.h">
      <Filter>ヘッダー ファイル</Filter>
    </ClInclude>
    <ClInclude Include="Zydis\Formatter.h">
      <Filter>ヘッダー ファイル</Filter>
    </ClInclude>
    <ClInclude Include="Zydis\FormatterBuffer.h">
      <Filter>ヘッダー ファイル</Filter>
    </ClInclude>
    <ClInclude Include="Zydis\MetaInfo.h">
      <Filter>ヘッダー ファイル</Filter>
    </ClInclude>
    <ClInclude Include="Zydis\Mnemonic.h">
      <Filter>ヘッダー ファイル</Filter>
    </ClInclude>
    <ClInclude Include="Zydis\Register.h">
      <Filter>ヘッダー ファイル</Filter>
    </ClInclude>
    <ClInclude Include="Zydis\SharedTypes.h">
      <Filter>ヘッダー ファイル</Filter>
    </ClInclude>
    <ClInclude Include="Zydis\ShortString.h">
      <Filter>ヘッダー ファイル</Filter>
    </ClInclude>
    <ClInclude Include="Zydis\Status.h">
      <Filter>ヘッダー ファイル</Filter>
    </ClInclude>
    <ClInclude Include="Zydis\Utils.h">
      <Filter>ヘッダー ファイル</Filter>
    </ClInclude>
    <ClInclude Include="Zydis\Zydis.h">
      <Filter>ヘッダー ファイル</Filter>
    </ClInclude>
    <ClInclude Include="Zydis\Generated\EnumInstructionCategory.h">
      <Filter>ヘッダー ファイル</Filter>
    </ClInclude>
    <ClInclude Include="Zydis\Generated\EnumISAExt.h">
      <Filter>ヘッダー ファイル</Filter>
    </ClInclude>
    <ClInclude Include="Zydis\Generated\EnumISASet.h">
      <Filter>ヘッダー ファイル</Filter>
    </ClInclude>
    <ClInclude Include="Zydis\Generated\EnumMnemonic.h">
      <Filter>ヘッダー ファイル</Filter>
    </ClInclude>
    <ClInclude Include="Zydis\Generated\EnumRegister.h">
      <Filter>ヘッダー ファイル</Filter>
    </ClInclude>
  </ItemGroup>
  <ItemGroup>
    <ClCompile Include="Zydis\Decoder.c">
      <Filter>ソース ファイル</Filter>
    </ClCompile>
    <ClCompile Include="Zydis\DecoderData.c">
      <Filter>ソース ファイル</Filter>
    </ClCompile>
    <ClCompile Include="Zydis\Formatter.c">
      <Filter>ソース ファイル</Filter>
    </ClCompile>
    <ClCompile Include="Zydis\FormatterATT.c">
      <Filter>ソース ファイル</Filter>
    </ClCompile>
    <ClCompile Include="Zydis\FormatterBase.c">
      <Filter>ソース ファイル</Filter>
    </ClCompile>
    <ClCompile Include="Zydis\FormatterBuffer.c">
      <Filter>ソース ファイル</Filter>
    </ClCompile>
    <ClCompile Include="Zydis\FormatterIntel.c">
      <Filter>ソース ファイル</Filter>
    </ClCompile>
    <ClCompile Include="Zydis\MetaInfo.c">
      <Filter>ソース ファイル</Filter>
    </ClCompile>
    <ClCompile Include="Zydis\Mnemonic.c">
      <Filter>ソース ファイル</Filter>
    </ClCompile>
    <ClCompile Include="Zydis\Register.c">
      <Filter>ソース ファイル</Filter>
    </ClCompile>
    <ClCompile Include="Zydis\SharedData.c">
      <Filter>ソース ファイル</Filter>
    </ClCompile>
    <ClCompile Include="Zydis\String.c">
      <Filter>ソース ファイル</Filter>
    </ClCompile>
    <ClCompile Include="Zydis\Utils.c">
      <Filter>ソース ファイル</Filter>
    </ClCompile>
    <ClCompile Include="Zydis\Zydis.c">
      <Filter>ソース ファイル</Filter>
    </ClCompile>
  </ItemGroup>
</Project>