<?xml version="1.0" encoding="utf-8"?>
<Project ToolsVersion="4.0" xmlns="http://schemas.microsoft.com/developer/msbuild/2003">
  <ItemGroup>
    <Filter Include="ソース ファイル">
      <UniqueIdentifier>{4FC737F1-C7A5-4376-A066-2A32D752A2FF}</UniqueIdentifier>
      <Extensions>cpp;c;cc;cxx;def;odl;idl;hpj;bat;asm;asmx</Extensions>
    </Filter>
    <Filter Include="ヘッダー ファイル">
      <UniqueIdentifier>{93995380-89BD-4b04-88EB-625FBE52EBFB}</UniqueIdentifier>
      <Extensions>h;hh;hpp;hxx;hm;inl;inc;ipp;xsd</Extensions>
    </Filter>
    <Filter Include="リソース ファイル">
      <UniqueIdentifier>{67DA6AB6-F800-4c08-8B7A-83BB121AAD01}</UniqueIdentifier>
      <Extensions>rc;ico;cur;bmp;dlg;rc2;rct;bin;rgs;gif;jpg;jpeg;jpe;resx;tiff;tif;png;wav;mfcribbon-ms</Extensions>
    </Filter>
  </ItemGroup>
  <ItemGroup>
    <ClCompile Include="Zycore\API\Memory.c">
      <Filter>ソース ファイル</Filter>
    </ClCompile>
    <ClCompile Include="Zycore\API\Synchronization.c">
      <Filter>ソース ファイル</Filter>
    </ClCompile>
    <ClCompile Include="Zycore\API\Terminal.c">
      <Filter>ソース ファイル</Filter>
    </ClCompile>
    <ClCompile Include="Zycore\API\Thread.c">
      <Filter>ソース ファイル</Filter>
    </ClCompile>
    <ClCompile Include="Zycore\Allocator.c">
      <Filter>ソース ファイル</Filter>
    </ClCompile>
    <ClCompile Include="Zycore\ArgParse.c">
      <Filter>ソース ファイル</Filter>
    </ClCompile>
    <ClCompile Include="Zycore\Bitset.c">
      <Filter>ソース ファイル</Filter>
    </ClCompile>
    <ClCompile Include="Zycore\Format.c">
      <Filter>ソース ファイル</Filter>
    </ClCompile>
    <ClCompile Include="Zycore\List.c">
      <Filter>ソース ファイル</Filter>
    </ClCompile>
    <ClCompile Include="Zycore\String.c">
      <Filter>ソース ファイル</Filter>
    </ClCompile>
    <ClCompile Include="Zycore\Vector.c">
      <Filter>ソース ファイル</Filter>
    </ClCompile>
    <ClCompile Include="Zycore\Zycore.c">
      <Filter>ソース ファイル</Filter>
    </ClCompile>
  </ItemGroup>
  <ItemGroup>
    <ClInclude Include="Zycore\API\Memory.h">
      <Filter>ヘッダー ファイル</Filter>
    </ClInclude>
    <ClInclude Include="Zycore\API\Synchronization.h">
      <Filter>ヘッダー ファイル</Filter>
    </ClInclude>
    <ClInclude Include="Zycore\API\Terminal.h">
      <Filter>ヘッダー ファイル</Filter>
    </ClInclude>
    <ClInclude Include="Zycore\API\Thread.h">
      <Filter>ヘッダー ファイル</Filter>
    </ClInclude>
    <ClInclude Include="Zycore\Allocator.h">
      <Filter>ヘッダー ファイル</Filter>
    </ClInclude>
    <ClInclude Include="Zycore\ArgParse.h">
      <Filter>ヘッダー ファイル</Filter>
    </ClInclude>
    <ClInclude Include="Zycore\Bitset.h">
      <Filter>ヘッダー ファイル</Filter>
    </ClInclude>
    <ClInclude Include="Zycore\Comparison.h">
      <Filter>ヘッダー ファイル</Filter>
    </ClInclude>
    <ClInclude Include="Zycore\Defines.h">
      <Filter>ヘッダー ファイル</Filter>
    </ClInclude>
    <ClInclude Include="Zycore\Format.h">
      <Filter>ヘッダー ファイル</Filter>
    </ClInclude>
    <ClInclude Include="Zycore\LibC.h">
      <Filter>ヘッダー ファイル</Filter>
    </ClInclude>
    <ClInclude Include="Zycore\List.h">
      <Filter>ヘッダー ファイル</Filter>
    </ClInclude>
    <ClInclude Include="Zycore\Object.h">
      <Filter>ヘッダー ファイル</Filter>
    </ClInclude>
    <ClInclude Include="Zycore\Status.h">
      <Filter>ヘッダー ファイル</Filter>
    </ClInclude>
    <ClInclude Include="Zycore\String.h">
      <Filter>ヘッダー ファイル</Filter>
    </ClInclude>
    <ClInclude Include="Zycore\Types.h">
      <Filter>ヘッダー ファイル</Filter>
    </ClInclude>
    <ClInclude Include="Zycore\Vector.h">
      <Filter>ヘッダー ファイル</Filter>
    </ClInclude>
    <ClInclude Include="Zycore\Zycore.h">
      <Filter>ヘッダー ファイル</Filter>
    </ClInclude>
    <ClInclude Include="ZycoreExportConfig.h">
      <Filter>ヘッダー ファイル</Filter>
    </ClInclude>
  </ItemGroup>
</Project>