<?xml version="1.0" encoding="utf-8"?>
<Project ToolsVersion="4.0" xmlns="http://schemas.microsoft.com/developer/msbuild/2003">
  <ItemGroup>
    <Filter Include="ソース ファイル">
      <UniqueIdentifier>{4FC737F1-C7A5-4376-A066-2A32D752A2FF}</UniqueIdentifier>
      <Extensions>cpp;c;cc;cxx;def;odl;idl;hpj;bat;asm;asmx</Extensions>
    </Filter>
    <Filter Include="ヘッダー ファイル">
      <UniqueIdentifier>{93995380-89BD-4b04-88EB-625FBE52EBFB}</UniqueIdentifier>
      <Extensions>h;hh;hpp;hxx;hm;inl;inc;ipp;xsd</Extensions>
    </Filter>
    <Filter Include="リソース ファイル">
      <UniqueIdentifier>{67DA6AB6-F800-4c08-8B7A-83BB121AAD01}</UniqueIdentifier>
      <Extensions>rc;ico;cur;bmp;dlg;rc2;rct;bin;rgs;gif;jpg;jpeg;jpe;resx;tiff;tif;png;wav;mfcribbon-ms</Extensions>
    </Filter>
    <Filter Include="ソース ファイル\Pipe">
      <UniqueIdentifier>{d4eca0df-7fa5-4f26-aaef-18ed271a17e8}</UniqueIdentifier>
    </Filter>
    <Filter Include="ソース ファイル\GUI">
      <UniqueIdentifier>{914f70c9-da56-4dc4-be6c-dbfe5ec6ece7}</UniqueIdentifier>
    </Filter>
    <Filter Include="ソース ファイル\Memory">
      <UniqueIdentifier>{c103ca26-f35e-476c-9338-66935c4f17e0}</UniqueIdentifier>
    </Filter>
    <Filter Include="ソース ファイル\File">
      <UniqueIdentifier>{3ff569c4-0337-44ae-80fd-14daccbb9825}</UniqueIdentifier>
    </Filter>
    <Filter Include="ソース ファイル\Config">
      <UniqueIdentifier>{50f1ad73-ad16-435e-8520-a1b2bb1a0db8}</UniqueIdentifier>
    </Filter>
    <Filter Include="ソース ファイル\Injector">
      <UniqueIdentifier>{931896fb-2684-4f87-9c65-5220f42f54a5}</UniqueIdentifier>
    </Filter>
  </ItemGroup>
  <ItemGroup>
    <ClCompile Include="Simple.cpp">
      <Filter>ソース ファイル</Filter>
    </ClCompile>
    <ClCompile Include="SimplePipeServer.cpp">
      <Filter>ソース ファイル\Pipe</Filter>
    </ClCompile>
    <ClCompile Include="SimplePipeClient.cpp">
      <Filter>ソース ファイル\Pipe</Filter>
    </ClCompile>
    <ClCompile Include="SimplePipeServerThread.cpp">
      <Filter>ソース ファイル\Pipe</Filter>
    </ClCompile>
    <ClCompile Include="SimpleGUI.cpp">
      <Filter>ソース ファイル\GUI</Filter>
    </ClCompile>
    <ClCompile Include="SimpleGUIControl.cpp">
      <Filter>ソース ファイル\GUI</Filter>
    </ClCompile>
    <ClCompile Include="SimpleGUIListView.cpp">
      <Filter>ソース ファイル\GUI</Filter>
    </ClCompile>
    <ClCompile Include="SimpleGUICallback.cpp">
      <Filter>ソース ファイル\GUI</Filter>
    </ClCompile>
    <ClCompile Include="SimpleMemory.cpp">
      <Filter>ソース ファイル\Memory</Filter>
    </ClCompile>
    <ClCompile Include="SimpleMemoryAobScan.cpp">
      <Filter>ソース ファイル\Memory</Filter>
    </ClCompile>
    <ClCompile Include="SimpleMemoryCode.cpp">
      <Filter>ソース ファイル\Memory</Filter>
    </ClCompile>
    <ClCompile Include="SimpleFile.cpp">
      <Filter>ソース ファイル\File</Filter>
    </ClCompile>
    <ClCompile Include="SimpleConfig.cpp">
      <Filter>ソース ファイル\Config</Filter>
    </ClCompile>
    <ClCompile Include="SimpleInjector.cpp">
      <Filter>ソース ファイル\Injector</Filter>
    </ClCompile>
  </ItemGroup>
  <ItemGroup>
    <ClInclude Include="Simple.h">
      <Filter>ヘッダー ファイル</Filter>
    </ClInclude>
    <ClInclude Include="SimpleConfig.h">
      <Filter>ヘッダー ファイル</Filter>
    </ClInclude>
    <ClInclude Include="SimplePipe.h">
      <Filter>ヘッダー ファイル</Filter>
    </ClInclude>
    <ClInclude Include="SimpleGUI.h">
      <Filter>ヘッダー ファイル</Filter>
    </ClInclude>
    <ClInclude Include="SimpleMemory.h">
      <Filter>ヘッダー ファイル</Filter>
    </ClInclude>
    <ClInclude Include="SimpleInjector.h">
      <Filter>ヘッダー ファイル</Filter>
    </ClInclude>
    <ClInclude Include="SimpleFile.h">
      <Filter>ヘッダー ファイル</Filter>
    </ClInclude>
  </ItemGroup>
  <ItemGroup>
    <None Include="..\.editorconfig" />
  </ItemGroup>
</Project>